{
  "version": "5",
  "specifiers": {
    "jsr:@std/assert@^1.0.13": "1.0.14",
    "jsr:@std/async@^1.0.13": "1.0.14",
    "jsr:@std/data-structures@^1.0.9": "1.0.9",
    "jsr:@std/fs@^1.0.19": "1.0.19",
    "jsr:@std/fs@^1.0.5": "1.0.19",
    "jsr:@std/internal@^1.0.10": "1.0.10",
    "jsr:@std/internal@^1.0.9": "1.0.10",
    "jsr:@std/path@^1.1.1": "1.1.2",
    "jsr:@std/testing@^1.0.5": "1.0.15",
    "npm:@anatine/zod-openapi@^2.2.8": "2.2.8_openapi3-ts@4.5.0_zod@3.25.76",
    "npm:@hono/swagger-ui@~0.5.2": "0.5.2_hono@4.9.4",
    "npm:@seriousme/openapi-schema-validator@^2.5.0": "2.5.0_ajv@8.17.1",
    "npm:@ts-rest/core@3.52.1": "3.52.1_zod@3.25.76",
    "npm:@ts-rest/open-api@3.52.1": "3.52.1_@ts-rest+core@3.52.1__zod@3.25.76_zod@3.25.76_openapi3-ts@2.0.2",
    "npm:@types/node@*": "24.2.0",
    "npm:hono@^4.9.4": "4.9.4",
    "npm:openapi3-ts@^4.1.2": "4.5.0",
    "npm:zod@^3.25.76": "3.25.76"
  },
  "jsr": {
    "@std/assert@1.0.14": {
      "integrity": "68d0d4a43b365abc927f45a9b85c639ea18a9fab96ad92281e493e4ed84abaa4",
      "dependencies": [
        "jsr:@std/internal@^1.0.10"
      ]
    },
    "@std/async@1.0.14": {
      "integrity": "62e954a418652c704d37563a3e54a37d4cf0268a9dcaeac1660cc652880b5326"
    },
    "@std/data-structures@1.0.9": {
      "integrity": "033d6e17e64bf1f84a614e647c1b015fa2576ae3312305821e1a4cb20674bb4d"
    },
    "@std/fs@1.0.19": {
      "integrity": "051968c2b1eae4d2ea9f79a08a3845740ef6af10356aff43d3e2ef11ed09fb06",
      "dependencies": [
        "jsr:@std/internal@^1.0.9",
        "jsr:@std/path"
      ]
    },
    "@std/internal@1.0.10": {
      "integrity": "e3be62ce42cab0e177c27698e5d9800122f67b766a0bea6ca4867886cbde8cf7"
    },
    "@std/path@1.1.2": {
      "integrity": "c0b13b97dfe06546d5e16bf3966b1cadf92e1cc83e56ba5476ad8b498d9e3038",
      "dependencies": [
        "jsr:@std/internal@^1.0.10"
      ]
    },
    "@std/testing@1.0.15": {
      "integrity": "a490169f5ccb0f3ae9c94fbc69d2cd43603f2cffb41713a85f99bbb0e3087cbc",
      "dependencies": [
        "jsr:@std/assert",
        "jsr:@std/async",
        "jsr:@std/data-structures",
        "jsr:@std/fs@^1.0.19",
        "jsr:@std/internal@^1.0.10",
        "jsr:@std/path"
      ]
    }
  },
  "npm": {
    "@anatine/zod-openapi@1.14.2_openapi3-ts@2.0.2_zod@3.25.76": {
      "integrity": "sha512-q0qHfnuNYVKu0Swrnnvfj9971AEyW7c8v9jCOZGCl5ZbyGMNG4RPyJkRcMi/JC8CRfdOe0IDfNm1nNsi2avprg==",
      "dependencies": [
        "openapi3-ts@2.0.2",
        "ts-deepmerge",
        "zod"
      ]
    },
    "@anatine/zod-openapi@2.2.8_openapi3-ts@4.5.0_zod@3.25.76": {
      "integrity": "sha512-iyM8mB556KdiZ6a1GTZ67ACLnJakU1hrzzXoh7PLaReldAdMq88MlZn/Ir/U56/TBuQctBhh/4seo0b0B343uw==",
      "dependencies": [
        "openapi3-ts@4.5.0",
        "ts-deepmerge",
        "zod"
      ]
    },
    "@hono/swagger-ui@0.5.2_hono@4.9.4": {
      "integrity": "sha512-7wxLKdb8h7JTdZ+K8DJNE3KXQMIpJejkBTQjrYlUWF28Z1PGOKw6kUykARe5NTfueIN37jbyG/sBYsbzXzG53A==",
      "dependencies": [
        "hono"
      ]
    },
    "@seriousme/openapi-schema-validator@2.5.0_ajv@8.17.1": {
      "integrity": "sha512-OEd7RYlSwmq4zpaHPOnf+yyzWN6aON4RrA+Dd3PGo5JPBY8G5peofQpJZDwxdJJKPOvqU0C7aZ8LeL2CE2XTdA==",
      "dependencies": [
        "ajv",
        "ajv-draft-04",
        "ajv-formats",
        "js-yaml"
      ],
      "bin": true
    },
    "@ts-rest/core@3.52.1_zod@3.25.76": {
      "integrity": "sha512-tAjz7Kxq/grJodcTA1Anop4AVRDlD40fkksEV5Mmal88VoZeRKAG8oMHsDwdwPZz+B/zgnz0q2sF+cm5M7Bc7g==",
      "dependencies": [
        "zod"
      ],
      "optionalPeers": [
        "zod"
      ]
    },
    "@ts-rest/core@3.52.1_zod@3.25.76_@types+node@24.2.0": {
      "integrity": "sha512-tAjz7Kxq/grJodcTA1Anop4AVRDlD40fkksEV5Mmal88VoZeRKAG8oMHsDwdwPZz+B/zgnz0q2sF+cm5M7Bc7g==",
      "dependencies": [
        "@types/node",
        "zod"
      ],
      "optionalPeers": [
        "@types/node",
        "zod"
      ]
    },
    "@ts-rest/open-api@3.52.1_@ts-rest+core@3.52.1__zod@3.25.76_zod@3.25.76_openapi3-ts@2.0.2": {
      "integrity": "sha512-VY91g6HFzCe1/fNgX4Y3HzaJbIdztCGHTg34drkh7bKgtNOizLJLXV0wwIkMwLGvjhRHojJxnwYxHjGMIkScwg==",
      "dependencies": [
        "@anatine/zod-openapi@1.14.2_openapi3-ts@2.0.2_zod@3.25.76",
        "@ts-rest/core@3.52.1_zod@3.25.76",
        "openapi3-ts@2.0.2",
        "zod"
      ]
    },
    "@ts-rest/open-api@3.52.1_@ts-rest+core@3.52.1__zod@3.25.76_zod@3.25.76_openapi3-ts@2.0.2_@types+node@24.2.0": {
      "integrity": "sha512-VY91g6HFzCe1/fNgX4Y3HzaJbIdztCGHTg34drkh7bKgtNOizLJLXV0wwIkMwLGvjhRHojJxnwYxHjGMIkScwg==",
      "dependencies": [
        "@anatine/zod-openapi@1.14.2_openapi3-ts@2.0.2_zod@3.25.76",
        "@ts-rest/core@3.52.1_zod@3.25.76_@types+node@24.2.0",
        "openapi3-ts@2.0.2",
        "zod"
      ]
    },
    "@types/node@24.2.0": {
      "integrity": "sha512-3xyG3pMCq3oYCNg7/ZP+E1ooTaGB4cG8JWRsqqOYQdbWNY4zbaV0Ennrd7stjiJEFZCaybcIgpTjJWHRfBSIDw==",
      "dependencies": [
        "undici-types"
      ]
    },
    "ajv-draft-04@1.0.0_ajv@8.17.1": {
      "integrity": "sha512-mv00Te6nmYbRp5DCwclxtt7yV/joXJPGS7nM+97GdxvuttCOfgI3K4U25zboyeX0O+myI8ERluxQe5wljMmVIw==",
      "dependencies": [
        "ajv"
      ],
      "optionalPeers": [
        "ajv"
      ]
    },
    "ajv-formats@3.0.1_ajv@8.17.1": {
      "integrity": "sha512-8iUql50EUR+uUcdRQ3HDqa6EVyo3docL8g5WJ3FNcWmu62IbkGUue/pEyLBW8VGKKucTPgqeks4fIU1DA4yowQ==",
      "dependencies": [
        "ajv"
      ],
      "optionalPeers": [
        "ajv"
      ]
    },
    "ajv@8.17.1": {
      "integrity": "sha512-B/gBuNg5SiMTrPkC+A2+cW0RszwxYmn6VYxB/inlBStS5nx6xHIt/ehKRhIMhqusl7a8LjQoZnjCs5vhwxOQ1g==",
      "dependencies": [
        "fast-deep-equal",
        "fast-uri",
        "json-schema-traverse",
        "require-from-string"
      ]
    },
    "argparse@2.0.1": {
      "integrity": "sha512-8+9WqebbFzpX9OR+Wa6O29asIogeRMzcGtAINdpMHHyAg10f05aSFVBbcEqGf/PXw1EjAZ+q2/bEBg3DvurK3Q=="
    },
    "fast-deep-equal@3.1.3": {
      "integrity": "sha512-f3qQ9oQy9j2AhBe/H9VC91wLmKBCCU/gDOnKNAYG5hswO7BLKj09Hc5HYNz9cGI++xlpDCIgDaitVs03ATR84Q=="
    },
    "fast-uri@3.1.0": {
      "integrity": "sha512-iPeeDKJSWf4IEOasVVrknXpaBV0IApz/gp7S2bb7Z4Lljbl2MGJRqInZiUrQwV16cpzw/D3S5j5Julj/gT52AA=="
    },
    "hono@4.9.4": {
      "integrity": "sha512-61hl6MF6ojTl/8QSRu5ran6GXt+6zsngIUN95KzF5v5UjiX/xnrLR358BNRawwIRO49JwUqJqQe3Rb2v559R8Q=="
    },
    "js-yaml@4.1.0": {
      "integrity": "sha512-wpxZs9NoxZaJESJGIZTyDEaYpl0FKSA+FB9aJiyemKhMwkxQg63h4T1KJgUGHpTqPDNRcmmYLugrRjJlBtWvRA==",
      "dependencies": [
        "argparse"
      ],
      "bin": true
    },
    "json-schema-traverse@1.0.0": {
      "integrity": "sha512-NM8/P9n3XjXhIZn1lLhkFaACTOURQXjWhV4BA/RnOv8xvgqtqpAX9IO4mRQxSx1Rlo4tqzeqb0sOlruaOy3dug=="
    },
    "openapi3-ts@2.0.2": {
      "integrity": "sha512-TxhYBMoqx9frXyOgnRHufjQfPXomTIHYKhSKJ6jHfj13kS8OEIhvmE8CTuQyKtjjWttAjX5DPxM1vmalEpo8Qw==",
      "dependencies": [
        "yaml@1.10.2"
      ]
    },
    "openapi3-ts@4.5.0": {
      "integrity": "sha512-jaL+HgTq2Gj5jRcfdutgRGLosCy/hT8sQf6VOy+P+g36cZOjI1iukdPnijC+4CmeRzg/jEllJUboEic2FhxhtQ==",
      "dependencies": [
        "yaml@2.8.1"
      ]
    },
    "require-from-string@2.0.2": {
      "integrity": "sha512-Xf0nWe6RseziFMu+Ap9biiUbmplq6S9/p+7w7YXP/JBHhrUDDUhwa+vANyubuqfZWTveU//DYVGsDG7RKL/vEw=="
    },
    "ts-deepmerge@6.2.1": {
      "integrity": "sha512-8CYSLazCyj0DJDpPIxOFzJG46r93uh6EynYjuey+bxcLltBeqZL7DMfaE5ZPzZNFlav7wx+2TDa/mBl8gkTYzw=="
    },
    "undici-types@7.10.0": {
      "integrity": "sha512-t5Fy/nfn+14LuOc2KNYg75vZqClpAiqscVvMygNnlsHBFpSXdJaYtXMcdNLpl/Qvc3P2cB3s6lOV51nqsFq4ag=="
    },
    "yaml@1.10.2": {
      "integrity": "sha512-r3vXyErRCYJ7wg28yvBY5VSoAF8ZvlcW9/BwUzEtUsjvX/DKs24dIkuwjtuprwJJHsbyUbLApepYTR1BN4uHrg=="
    },
    "yaml@2.8.1": {
      "integrity": "sha512-lcYcMxX2PO9XMGvAJkJ3OsNMw+/7FKes7/hgerGUYWIoWu5j/+YQqcZr5JnPZWzOsEBgMbSbiSTn/dv/69Mkpw==",
      "bin": true
    },
    "zod@3.25.76": {
      "integrity": "sha512-gzUt/qt81nXsFGKIFcC3YnfEAx5NkunCfnDlvuBSSFS02bcXu4Lmea0AFIUwbLWxWPx3d9p8S5QoaujKcNQxcQ=="
    }
  },
  "workspace": {
    "members": {
      "projects/api": {
        "dependencies": [
          "jsr:@std/testing@^1.0.5",
          "npm:@anatine/zod-openapi@^2.2.8",
          "npm:@ts-rest/core@3.52.1",
          "npm:zod@^3.25.76"
        ]
      },
      "projects/openapi": {
        "dependencies": [
          "npm:@anatine/zod-openapi@^2.2.8",
          "npm:@hono/swagger-ui@~0.5.2",
          "npm:@seriousme/openapi-schema-validator@^2.5.0",
          "npm:@ts-rest/core@3.52.1",
          "npm:@ts-rest/open-api@3.52.1",
          "npm:hono@^4.9.4",
          "npm:openapi3-ts@^4.1.2",
          "npm:zod@^3.25.76"
        ]
      },
      "projects/playground": {
        "dependencies": [
          "jsr:@std/fs@^1.0.5"
        ]
      }
    }
  }
}