{
  "version": "5",
  "specifiers": {
    "jsr:@std/assert@^1.0.13": "1.0.13",
    "jsr:@std/async@^1.0.13": "1.0.13",
    "jsr:@std/data-structures@^1.0.8": "1.0.8",
    "jsr:@std/fs@^1.0.17": "1.0.17",
    "jsr:@std/fs@^1.0.5": "1.0.17",
    "jsr:@std/internal@^1.0.6": "1.0.7",
    "jsr:@std/internal@^1.0.7": "1.0.7",
    "jsr:@std/path@^1.0.9": "1.0.9",
    "jsr:@std/testing@^1.0.5": "1.0.12",
    "npm:@anatine/zod-openapi@^2.2.6": "2.2.8_openapi3-ts@4.4.0_zod@3.25.20",
    "npm:@hono/swagger-ui@0.5": "0.5.1_hono@4.7.10",
    "npm:@seriousme/openapi-schema-validator@^2.3.1": "2.4.1_ajv@8.17.1",
    "npm:@ts-rest/core@^3.52.1": "3.52.1_zod@3.25.20",
    "npm:@ts-rest/open-api@^3.52.1": "3.52.1_@ts-rest+core@3.52.1__zod@3.25.20_zod@3.25.20_openapi3-ts@2.0.2",
    "npm:hono@^4.6.16": "4.7.10",
    "npm:zod@^3.24.1": "3.25.20"
  },
  "jsr": {
    "@std/assert@1.0.13": {
      "integrity": "ae0d31e41919b12c656c742b22522c32fb26ed0cba32975cb0de2a273cb68b29",
      "dependencies": [
        "jsr:@std/internal@^1.0.6"
      ]
    },
    "@std/async@1.0.13": {
      "integrity": "1d76ca5d324aef249908f7f7fe0d39aaf53198e5420604a59ab5c035adc97c96"
    },
    "@std/data-structures@1.0.8": {
      "integrity": "2fb7219247e044c8fcd51341788547575653c82ae2c759ff209e0263ba7d9b66"
    },
    "@std/fs@1.0.17": {
      "integrity": "1c00c632677c1158988ef7a004cb16137f870aafdb8163b9dce86ec652f3952b",
      "dependencies": [
        "jsr:@std/path"
      ]
    },
    "@std/internal@1.0.7": {
      "integrity": "39eeb5265190a7bc5d5591c9ff019490bd1f2c3907c044a11b0d545796158a0f"
    },
    "@std/path@1.0.9": {
      "integrity": "260a49f11edd3db93dd38350bf9cd1b4d1366afa98e81b86167b4e3dd750129e"
    },
    "@std/testing@1.0.12": {
      "integrity": "fec973a45ccc62c540fb89296199051fee142409138fd6e3eae409366bcd4720",
      "dependencies": [
        "jsr:@std/assert",
        "jsr:@std/async",
        "jsr:@std/data-structures",
        "jsr:@std/fs@^1.0.17",
        "jsr:@std/internal@^1.0.7",
        "jsr:@std/path"
      ]
    }
  },
  "npm": {
    "@anatine/zod-openapi@1.14.2_openapi3-ts@2.0.2_zod@3.25.20": {
      "integrity": "sha512-q0qHfnuNYVKu0Swrnnvfj9971AEyW7c8v9jCOZGCl5ZbyGMNG4RPyJkRcMi/JC8CRfdOe0IDfNm1nNsi2avprg==",
      "dependencies": [
        "openapi3-ts@2.0.2",
        "ts-deepmerge",
        "zod"
      ]
    },
    "@anatine/zod-openapi@2.2.8_openapi3-ts@4.4.0_zod@3.25.20": {
      "integrity": "sha512-iyM8mB556KdiZ6a1GTZ67ACLnJakU1hrzzXoh7PLaReldAdMq88MlZn/Ir/U56/TBuQctBhh/4seo0b0B343uw==",
      "dependencies": [
        "openapi3-ts@4.4.0",
        "ts-deepmerge",
        "zod"
      ]
    },
    "@hono/swagger-ui@0.5.1_hono@4.7.10": {
      "integrity": "sha512-XpUCfszLJ9b1rtFdzqOSHfdg9pfBiC2J5piEjuSanYpDDTIwpMz0ciiv5N3WWUaQpz9fEgH8lttQqL41vIFuDA==",
      "dependencies": [
        "hono"
      ]
    },
    "@seriousme/openapi-schema-validator@2.4.1_ajv@8.17.1": {
      "integrity": "sha512-OX15CKLV2JFGcoXxFVD/CMtWzys+r6G9gArKY8iaUqOkIEqp80ispclk5c8j5i1iEIIlyCRJ0R0N5MddHFg2xg==",
      "dependencies": [
        "ajv",
        "ajv-draft-04",
        "ajv-formats",
        "js-yaml"
      ],
      "bin": true
    },
    "@ts-rest/core@3.52.1_zod@3.25.20": {
      "integrity": "sha512-tAjz7Kxq/grJodcTA1Anop4AVRDlD40fkksEV5Mmal88VoZeRKAG8oMHsDwdwPZz+B/zgnz0q2sF+cm5M7Bc7g==",
      "dependencies": [
        "zod"
      ],
      "optionalPeers": [
        "zod"
      ]
    },
    "@ts-rest/open-api@3.52.1_@ts-rest+core@3.52.1__zod@3.25.20_zod@3.25.20_openapi3-ts@2.0.2": {
      "integrity": "sha512-VY91g6HFzCe1/fNgX4Y3HzaJbIdztCGHTg34drkh7bKgtNOizLJLXV0wwIkMwLGvjhRHojJxnwYxHjGMIkScwg==",
      "dependencies": [
        "@anatine/zod-openapi@1.14.2_openapi3-ts@2.0.2_zod@3.25.20",
        "@ts-rest/core",
        "openapi3-ts@2.0.2",
        "zod"
      ]
    },
    "ajv-draft-04@1.0.0_ajv@8.17.1": {
      "integrity": "sha512-mv00Te6nmYbRp5DCwclxtt7yV/joXJPGS7nM+97GdxvuttCOfgI3K4U25zboyeX0O+myI8ERluxQe5wljMmVIw==",
      "dependencies": [
        "ajv"
      ],
      "optionalPeers": [
        "ajv"
      ]
    },
    "ajv-formats@3.0.1_ajv@8.17.1": {
      "integrity": "sha512-8iUql50EUR+uUcdRQ3HDqa6EVyo3docL8g5WJ3FNcWmu62IbkGUue/pEyLBW8VGKKucTPgqeks4fIU1DA4yowQ==",
      "dependencies": [
        "ajv"
      ],
      "optionalPeers": [
        "ajv"
      ]
    },
    "ajv@8.17.1": {
      "integrity": "sha512-B/gBuNg5SiMTrPkC+A2+cW0RszwxYmn6VYxB/inlBStS5nx6xHIt/ehKRhIMhqusl7a8LjQoZnjCs5vhwxOQ1g==",
      "dependencies": [
        "fast-deep-equal",
        "fast-uri",
        "json-schema-traverse",
        "require-from-string"
      ]
    },
    "argparse@2.0.1": {
      "integrity": "sha512-8+9WqebbFzpX9OR+Wa6O29asIogeRMzcGtAINdpMHHyAg10f05aSFVBbcEqGf/PXw1EjAZ+q2/bEBg3DvurK3Q=="
    },
    "fast-deep-equal@3.1.3": {
      "integrity": "sha512-f3qQ9oQy9j2AhBe/H9VC91wLmKBCCU/gDOnKNAYG5hswO7BLKj09Hc5HYNz9cGI++xlpDCIgDaitVs03ATR84Q=="
    },
    "fast-uri@3.0.6": {
      "integrity": "sha512-Atfo14OibSv5wAp4VWNsFYE1AchQRTv9cBGWET4pZWHzYshFSS9NQI6I57rdKn9croWVMbYFbLhJ+yJvmZIIHw=="
    },
    "hono@4.7.10": {
      "integrity": "sha512-QkACju9MiN59CKSY5JsGZCYmPZkA6sIW6OFCUp7qDjZu6S6KHtJHhAc9Uy9mV9F8PJ1/HQ3ybZF2yjCa/73fvQ=="
    },
    "js-yaml@4.1.0": {
      "integrity": "sha512-wpxZs9NoxZaJESJGIZTyDEaYpl0FKSA+FB9aJiyemKhMwkxQg63h4T1KJgUGHpTqPDNRcmmYLugrRjJlBtWvRA==",
      "dependencies": [
        "argparse"
      ],
      "bin": true
    },
    "json-schema-traverse@1.0.0": {
      "integrity": "sha512-NM8/P9n3XjXhIZn1lLhkFaACTOURQXjWhV4BA/RnOv8xvgqtqpAX9IO4mRQxSx1Rlo4tqzeqb0sOlruaOy3dug=="
    },
    "openapi3-ts@2.0.2": {
      "integrity": "sha512-TxhYBMoqx9frXyOgnRHufjQfPXomTIHYKhSKJ6jHfj13kS8OEIhvmE8CTuQyKtjjWttAjX5DPxM1vmalEpo8Qw==",
      "dependencies": [
        "yaml@1.10.2"
      ]
    },
    "openapi3-ts@4.4.0": {
      "integrity": "sha512-9asTNB9IkKEzWMcHmVZE7Ts3kC9G7AFHfs8i7caD8HbI76gEjdkId4z/AkP83xdZsH7PLAnnbl47qZkXuxpArw==",
      "dependencies": [
        "yaml@2.8.0"
      ]
    },
    "require-from-string@2.0.2": {
      "integrity": "sha512-Xf0nWe6RseziFMu+Ap9biiUbmplq6S9/p+7w7YXP/JBHhrUDDUhwa+vANyubuqfZWTveU//DYVGsDG7RKL/vEw=="
    },
    "ts-deepmerge@6.2.1": {
      "integrity": "sha512-8CYSLazCyj0DJDpPIxOFzJG46r93uh6EynYjuey+bxcLltBeqZL7DMfaE5ZPzZNFlav7wx+2TDa/mBl8gkTYzw=="
    },
    "yaml@1.10.2": {
      "integrity": "sha512-r3vXyErRCYJ7wg28yvBY5VSoAF8ZvlcW9/BwUzEtUsjvX/DKs24dIkuwjtuprwJJHsbyUbLApepYTR1BN4uHrg=="
    },
    "yaml@2.8.0": {
      "integrity": "sha512-4lLa/EcQCB0cJkyts+FpIRx5G/llPxfP6VQU5KByHEhLxY3IJCH0f0Hy1MHI8sClTvsIb8qwRJ6R/ZdlDJ/leQ==",
      "bin": true
    },
    "zod@3.25.20": {
      "integrity": "sha512-z03fqpTMDF1G02VLKUMt6vyACE7rNWkh3gpXVHgPTw28NPtDFRGvcpTtPwn2kMKtQ0idtYJUTxchytmnqYswcw=="
    }
  },
  "workspace": {
    "members": {
      "projects/api": {
        "dependencies": [
          "jsr:@std/testing@^1.0.5",
          "npm:@anatine/zod-openapi@^2.2.6",
          "npm:@ts-rest/core@^3.52.1",
          "npm:zod@^3.24.1"
        ]
      },
      "projects/openapi": {
        "dependencies": [
          "npm:@hono/swagger-ui@0.5",
          "npm:@seriousme/openapi-schema-validator@^2.3.1",
          "npm:@ts-rest/open-api@^3.52.1",
          "npm:hono@^4.6.16"
        ]
      },
      "projects/playground": {
        "dependencies": [
          "jsr:@std/fs@^1.0.5"
        ]
      }
    }
  }
}
